// !$*UTF8*$!
{
	archiveVersion = 1;
	classes = {
	};
	objectVersion = 51;
	objects = {

/* Begin PBXBuildFile section */
		6EDC2EF9D340FED88B69B4C0 /* Pods_ProjectAdvanced.framework in Frameworks */ = {isa = PBXBuildFile; fileRef = 977B7C26E7E916ABB05FCE17 /* Pods_ProjectAdvanced.framework */; };
		D94136A3234523F100D4D71B /* AppDelegate.swift in Sources */ = {isa = PBXBuildFile; fileRef = D94136A2234523F100D4D71B /* AppDelegate.swift */; };
		D94136A5234523F100D4D71B /* SceneDelegate.swift in Sources */ = {isa = PBXBuildFile; fileRef = D94136A4234523F100D4D71B /* SceneDelegate.swift */; };
		D94136A7234523F100D4D71B /* SplashViewController.swift in Sources */ = {isa = PBXBuildFile; fileRef = D94136A6234523F100D4D71B /* SplashViewController.swift */; };
		D94136AA234523F100D4D71B /* Main.storyboard in Resources */ = {isa = PBXBuildFile; fileRef = D94136A8234523F100D4D71B /* Main.storyboard */; };
		D94136AF234523FD00D4D71B /* LaunchScreen.storyboard in Resources */ = {isa = PBXBuildFile; fileRef = D94136AD234523FD00D4D71B /* LaunchScreen.storyboard */; };
		D9948A8D234B891F0018252D /* DatabaseManager.swift in Sources */ = {isa = PBXBuildFile; fileRef = D9948A8C234B891F0018252D /* DatabaseManager.swift */; };
		D9948A8F234BAEBB0018252D /* ApiManager.swift in Sources */ = {isa = PBXBuildFile; fileRef = D9948A8E234BAEBB0018252D /* ApiManager.swift */; };
		D9A5847E234649DB00E65A86 /* Assets.xcassets in Resources */ = {isa = PBXBuildFile; fileRef = D94136AB234523FD00D4D71B /* Assets.xcassets */; };
		D9A5848023464B2900E65A86 /* Splash.storyboard in Resources */ = {isa = PBXBuildFile; fileRef = D9A5847F23464B2900E65A86 /* Splash.storyboard */; };
		D9A584822346512E00E65A86 /* UserViewController.swift in Sources */ = {isa = PBXBuildFile; fileRef = D9A584812346512E00E65A86 /* UserViewController.swift */; };
		D9A58485234662AE00E65A86 /* PersonTableViewCell.swift in Sources */ = {isa = PBXBuildFile; fileRef = D9A58483234662AE00E65A86 /* PersonTableViewCell.swift */; };
		D9A58486234662AE00E65A86 /* PersonTableViewCell.xib in Resources */ = {isa = PBXBuildFile; fileRef = D9A58484234662AE00E65A86 /* PersonTableViewCell.xib */; };
		D9A5848A2346647100E65A86 /* PersonCollectionViewCell.swift in Sources */ = {isa = PBXBuildFile; fileRef = D9A584882346647100E65A86 /* PersonCollectionViewCell.swift */; };
		D9A5848B2346647100E65A86 /* PersonCollectionViewCell.xib in Resources */ = {isa = PBXBuildFile; fileRef = D9A584892346647100E65A86 /* PersonCollectionViewCell.xib */; };
		D9A5848E2346659C00E65A86 /* UIView+Utils.swift in Sources */ = {isa = PBXBuildFile; fileRef = D9A5848D2346659C00E65A86 /* UIView+Utils.swift */; };
		D9AE815D234CEE9400D8C9A4 /* User.swift in Sources */ = {isa = PBXBuildFile; fileRef = D9AE815C234CEE9400D8C9A4 /* User.swift */; };
		D9F46B0C23479C50009FBE23 /* lottie2.json in Resources */ = {isa = PBXBuildFile; fileRef = D9F46B0B23479C50009FBE23 /* lottie2.json */; };
		D9F46B0E23479CF8009FBE23 /* lottie.json in Resources */ = {isa = PBXBuildFile; fileRef = D9F46B0D23479CF8009FBE23 /* lottie.json */; };
		D9F46B1023479EE9009FBE23 /* lottie_bueno.json in Resources */ = {isa = PBXBuildFile; fileRef = D9F46B0F23479EE9009FBE23 /* lottie_bueno.json */; };
		D9F46B132347B694009FBE23 /* UserDAO.swift in Sources */ = {isa = PBXBuildFile; fileRef = D9F46B122347B694009FBE23 /* UserDAO.swift */; };
		D9F46B172347BF0D009FBE23 /* UserDTO.swift in Sources */ = {isa = PBXBuildFile; fileRef = D9F46B162347BF0D009FBE23 /* UserDTO.swift */; };
		D9F46B192347C0F2009FBE23 /* InfoDTO.swift in Sources */ = {isa = PBXBuildFile; fileRef = D9F46B182347C0F2009FBE23 /* InfoDTO.swift */; };
		D9F46B1B2347C26D009FBE23 /* UsersDTO.swift in Sources */ = {isa = PBXBuildFile; fileRef = D9F46B1A2347C26D009FBE23 /* UsersDTO.swift */; };
		D9F46B1D2347C4D6009FBE23 /* LocationDTO.swift in Sources */ = {isa = PBXBuildFile; fileRef = D9F46B1C2347C4D6009FBE23 /* LocationDTO.swift */; };
		D9F46B1F2347C577009FBE23 /* NameDTO.swift in Sources */ = {isa = PBXBuildFile; fileRef = D9F46B1E2347C577009FBE23 /* NameDTO.swift */; };
		D9F46B212347C5DB009FBE23 /* StreetDTO.swift in Sources */ = {isa = PBXBuildFile; fileRef = D9F46B202347C5DB009FBE23 /* StreetDTO.swift */; };
		D9F46B232347C63C009FBE23 /* CoordinatesDTO.swift in Sources */ = {isa = PBXBuildFile; fileRef = D9F46B222347C63C009FBE23 /* CoordinatesDTO.swift */; };
		D9F46B272347C703009FBE23 /* LoginDTO.swift in Sources */ = {isa = PBXBuildFile; fileRef = D9F46B262347C703009FBE23 /* LoginDTO.swift */; };
		D9F46B2B2347C7D9009FBE23 /* RegisteredDTO.swift in Sources */ = {isa = PBXBuildFile; fileRef = D9F46B2A2347C7D9009FBE23 /* RegisteredDTO.swift */; };
		D9F46B2F2347C850009FBE23 /* PictureDTO.swift in Sources */ = {isa = PBXBuildFile; fileRef = D9F46B2E2347C850009FBE23 /* PictureDTO.swift */; };
		D9F46B332347CC72009FBE23 /* DataManager.swift in Sources */ = {isa = PBXBuildFile; fileRef = D9F46B322347CC72009FBE23 /* DataManager.swift */; };
		F116BB10234C632C00D3A4BB /* DobDTO.swift in Sources */ = {isa = PBXBuildFile; fileRef = F116BB0F234C632C00D3A4BB /* DobDTO.swift */; };
		F116BB12234C68D000D3A4BB /* IdDTO.swift in Sources */ = {isa = PBXBuildFile; fileRef = F116BB11234C68D000D3A4BB /* IdDTO.swift */; };
		F116BB14234C69B400D3A4BB /* Timezone.DTO.swift in Sources */ = {isa = PBXBuildFile; fileRef = F116BB13234C69B400D3A4BB /* Timezone.DTO.swift */; };
/* End PBXBuildFile section */

/* Begin PBXFileReference section */
		73A68344E7238E53D2FB30D6 /* Pods-ProjectAdvanced.release.xcconfig */ = {isa = PBXFileReference; includeInIndex = 1; lastKnownFileType = text.xcconfig; name = "Pods-ProjectAdvanced.release.xcconfig"; path = "Target Support Files/Pods-ProjectAdvanced/Pods-ProjectAdvanced.release.xcconfig"; sourceTree = "<group>"; };
		977B7C26E7E916ABB05FCE17 /* Pods_ProjectAdvanced.framework */ = {isa = PBXFileReference; explicitFileType = wrapper.framework; includeInIndex = 0; path = Pods_ProjectAdvanced.framework; sourceTree = BUILT_PRODUCTS_DIR; };
		D941369F234523F100D4D71B /* ProjectAdvanced.app */ = {isa = PBXFileReference; explicitFileType = wrapper.application; includeInIndex = 0; path = ProjectAdvanced.app; sourceTree = BUILT_PRODUCTS_DIR; };
		D94136A2234523F100D4D71B /* AppDelegate.swift */ = {isa = PBXFileReference; lastKnownFileType = sourcecode.swift; path = AppDelegate.swift; sourceTree = "<group>"; };
		D94136A4234523F100D4D71B /* SceneDelegate.swift */ = {isa = PBXFileReference; lastKnownFileType = sourcecode.swift; path = SceneDelegate.swift; sourceTree = "<group>"; };
		D94136A6234523F100D4D71B /* SplashViewController.swift */ = {isa = PBXFileReference; lastKnownFileType = sourcecode.swift; path = SplashViewController.swift; sourceTree = "<group>"; };
		D94136A9234523F100D4D71B /* Base */ = {isa = PBXFileReference; lastKnownFileType = file.storyboard; name = Base; path = Base.lproj/Main.storyboard; sourceTree = "<group>"; };
		D94136AB234523FD00D4D71B /* Assets.xcassets */ = {isa = PBXFileReference; lastKnownFileType = folder.assetcatalog; path = Assets.xcassets; sourceTree = "<group>"; };
		D94136AE234523FD00D4D71B /* Base */ = {isa = PBXFileReference; lastKnownFileType = file.storyboard; name = Base; path = Base.lproj/LaunchScreen.storyboard; sourceTree = "<group>"; };
		D94136B0234523FD00D4D71B /* Info.plist */ = {isa = PBXFileReference; lastKnownFileType = text.plist.xml; path = Info.plist; sourceTree = "<group>"; };
		D9948A8C234B891F0018252D /* DatabaseManager.swift */ = {isa = PBXFileReference; lastKnownFileType = sourcecode.swift; path = DatabaseManager.swift; sourceTree = "<group>"; };
		D9948A8E234BAEBB0018252D /* ApiManager.swift */ = {isa = PBXFileReference; lastKnownFileType = sourcecode.swift; path = ApiManager.swift; sourceTree = "<group>"; };
		D9A5847F23464B2900E65A86 /* Splash.storyboard */ = {isa = PBXFileReference; lastKnownFileType = file.storyboard; path = Splash.storyboard; sourceTree = "<group>"; };
		D9A584812346512E00E65A86 /* UserViewController.swift */ = {isa = PBXFileReference; lastKnownFileType = sourcecode.swift; path = UserViewController.swift; sourceTree = "<group>"; };
		D9A58483234662AE00E65A86 /* PersonTableViewCell.swift */ = {isa = PBXFileReference; lastKnownFileType = sourcecode.swift; path = PersonTableViewCell.swift; sourceTree = "<group>"; };
		D9A58484234662AE00E65A86 /* PersonTableViewCell.xib */ = {isa = PBXFileReference; lastKnownFileType = file.xib; path = PersonTableViewCell.xib; sourceTree = "<group>"; };
		D9A584882346647100E65A86 /* PersonCollectionViewCell.swift */ = {isa = PBXFileReference; lastKnownFileType = sourcecode.swift; path = PersonCollectionViewCell.swift; sourceTree = "<group>"; };
		D9A584892346647100E65A86 /* PersonCollectionViewCell.xib */ = {isa = PBXFileReference; lastKnownFileType = file.xib; path = PersonCollectionViewCell.xib; sourceTree = "<group>"; };
		D9A5848D2346659C00E65A86 /* UIView+Utils.swift */ = {isa = PBXFileReference; lastKnownFileType = sourcecode.swift; path = "UIView+Utils.swift"; sourceTree = "<group>"; };
		D9AE815C234CEE9400D8C9A4 /* User.swift */ = {isa = PBXFileReference; lastKnownFileType = sourcecode.swift; path = User.swift; sourceTree = "<group>"; };
		D9F46B0B23479C50009FBE23 /* lottie2.json */ = {isa = PBXFileReference; fileEncoding = 4; lastKnownFileType = text.json; path = lottie2.json; sourceTree = "<group>"; };
		D9F46B0D23479CF8009FBE23 /* lottie.json */ = {isa = PBXFileReference; fileEncoding = 4; lastKnownFileType = text.json; name = lottie.json; path = ../../../../../lottie.json; sourceTree = "<group>"; };
		D9F46B0F23479EE9009FBE23 /* lottie_bueno.json */ = {isa = PBXFileReference; fileEncoding = 4; lastKnownFileType = text.json; path = lottie_bueno.json; sourceTree = "<group>"; };
		D9F46B122347B694009FBE23 /* UserDAO.swift */ = {isa = PBXFileReference; lastKnownFileType = sourcecode.swift; path = UserDAO.swift; sourceTree = "<group>"; };
		D9F46B162347BF0D009FBE23 /* UserDTO.swift */ = {isa = PBXFileReference; lastKnownFileType = sourcecode.swift; path = UserDTO.swift; sourceTree = "<group>"; };
		D9F46B182347C0F2009FBE23 /* InfoDTO.swift */ = {isa = PBXFileReference; lastKnownFileType = sourcecode.swift; path = InfoDTO.swift; sourceTree = "<group>"; };
		D9F46B1A2347C26D009FBE23 /* UsersDTO.swift */ = {isa = PBXFileReference; lastKnownFileType = sourcecode.swift; path = UsersDTO.swift; sourceTree = "<group>"; };
		D9F46B1C2347C4D6009FBE23 /* LocationDTO.swift */ = {isa = PBXFileReference; lastKnownFileType = sourcecode.swift; path = LocationDTO.swift; sourceTree = "<group>"; };
		D9F46B1E2347C577009FBE23 /* NameDTO.swift */ = {isa = PBXFileReference; lastKnownFileType = sourcecode.swift; path = NameDTO.swift; sourceTree = "<group>"; };
		D9F46B202347C5DB009FBE23 /* StreetDTO.swift */ = {isa = PBXFileReference; lastKnownFileType = sourcecode.swift; path = StreetDTO.swift; sourceTree = "<group>"; };
		D9F46B222347C63C009FBE23 /* CoordinatesDTO.swift */ = {isa = PBXFileReference; lastKnownFileType = sourcecode.swift; path = CoordinatesDTO.swift; sourceTree = "<group>"; };
		D9F46B262347C703009FBE23 /* LoginDTO.swift */ = {isa = PBXFileReference; lastKnownFileType = sourcecode.swift; path = LoginDTO.swift; sourceTree = "<group>"; };
		D9F46B2A2347C7D9009FBE23 /* RegisteredDTO.swift */ = {isa = PBXFileReference; lastKnownFileType = sourcecode.swift; path = RegisteredDTO.swift; sourceTree = "<group>"; };
		D9F46B2E2347C850009FBE23 /* PictureDTO.swift */ = {isa = PBXFileReference; lastKnownFileType = sourcecode.swift; path = PictureDTO.swift; sourceTree = "<group>"; };
		D9F46B322347CC72009FBE23 /* DataManager.swift */ = {isa = PBXFileReference; lastKnownFileType = sourcecode.swift; path = DataManager.swift; sourceTree = "<group>"; };
		F116BB0F234C632C00D3A4BB /* DobDTO.swift */ = {isa = PBXFileReference; lastKnownFileType = sourcecode.swift; path = DobDTO.swift; sourceTree = "<group>"; };
		F116BB11234C68D000D3A4BB /* IdDTO.swift */ = {isa = PBXFileReference; lastKnownFileType = sourcecode.swift; path = IdDTO.swift; sourceTree = "<group>"; };
		F116BB13234C69B400D3A4BB /* Timezone.DTO.swift */ = {isa = PBXFileReference; lastKnownFileType = sourcecode.swift; path = Timezone.DTO.swift; sourceTree = "<group>"; };
		F3E0431F66646819B8AE39F9 /* Pods-ProjectAdvanced.debug.xcconfig */ = {isa = PBXFileReference; includeInIndex = 1; lastKnownFileType = text.xcconfig; name = "Pods-ProjectAdvanced.debug.xcconfig"; path = "Target Support Files/Pods-ProjectAdvanced/Pods-ProjectAdvanced.debug.xcconfig"; sourceTree = "<group>"; };
/* End PBXFileReference section */

/* Begin PBXFrameworksBuildPhase section */
		D941369C234523F100D4D71B /* Frameworks */ = {
			isa = PBXFrameworksBuildPhase;
			buildActionMask = 2147483647;
			files = (
				6EDC2EF9D340FED88B69B4C0 /* Pods_ProjectAdvanced.framework in Frameworks */,
			);
			runOnlyForDeploymentPostprocessing = 0;
		};
/* End PBXFrameworksBuildPhase section */

/* Begin PBXGroup section */
		D9413696234523F100D4D71B = {
			isa = PBXGroup;
			children = (
				D94136A1234523F100D4D71B /* ProjectAdvanced */,
				D94136A0234523F100D4D71B /* Products */,
				EE3F2BB96369E7089C115185 /* Pods */,
				DC04F3D0F40B2F720EDA2548 /* Frameworks */,
			);
			sourceTree = "<group>";
		};
		D94136A0234523F100D4D71B /* Products */ = {
			isa = PBXGroup;
			children = (
				D941369F234523F100D4D71B /* ProjectAdvanced.app */,
			);
			name = Products;
			sourceTree = "<group>";
		};
		D94136A1234523F100D4D71B /* ProjectAdvanced */ = {
			isa = PBXGroup;
			children = (
				D9A584742346445D00E65A86 /* App */,
				D9A584752346446900E65A86 /* Resources */,
				D9A5848C2346658000E65A86 /* Extension */,
				D94136B0234523FD00D4D71B /* Info.plist */,
				D9A584772346448C00E65A86 /* UI */,
				D9A584762346447B00E65A86 /* Data */,
			);
			path = ProjectAdvanced;
			sourceTree = "<group>";
		};
		D9A584742346445D00E65A86 /* App */ = {
			isa = PBXGroup;
			children = (
				D94136A2234523F100D4D71B /* AppDelegate.swift */,
				D94136A4234523F100D4D71B /* SceneDelegate.swift */,
			);
			path = App;
			sourceTree = "<group>";
		};
		D9A584752346446900E65A86 /* Resources */ = {
			isa = PBXGroup;
			children = (
				D9F46B0F23479EE9009FBE23 /* lottie_bueno.json */,
				D9F46B0D23479CF8009FBE23 /* lottie.json */,
				D9F46B0B23479C50009FBE23 /* lottie2.json */,
				D94136AB234523FD00D4D71B /* Assets.xcassets */,
			);
			path = Resources;
			sourceTree = "<group>";
		};
		D9A584762346447B00E65A86 /* Data */ = {
			isa = PBXGroup;
			children = (
				D9F46B322347CC72009FBE23 /* DataManager.swift */,
				D9F46B142347BEDD009FBE23 /* Remote */,
				D9A5847B234644AA00E65A86 /* Local */,
				D9AE815A234CEE7400D8C9A4 /* Views */,
			);
			path = Data;
			sourceTree = "<group>";
		};
		D9A584772346448C00E65A86 /* UI */ = {
			isa = PBXGroup;
			children = (
				D9A584792346449D00E65A86 /* Controllers */,
				D9A58487234662D700E65A86 /* Cells */,
				D9A5847D234644C400E65A86 /* StoryBoard */,
			);
			path = UI;
			sourceTree = "<group>";
		};
		D9A584792346449D00E65A86 /* Controllers */ = {
			isa = PBXGroup;
			children = (
				D9A584812346512E00E65A86 /* UserViewController.swift */,
				D94136A6234523F100D4D71B /* SplashViewController.swift */,
			);
			path = Controllers;
			sourceTree = "<group>";
		};
		D9A5847B234644AA00E65A86 /* Local */ = {
			isa = PBXGroup;
			children = (
				D9948A8C234B891F0018252D /* DatabaseManager.swift */,
				D9A5847C234644AE00E65A86 /* Models */,
			);
			path = Local;
			sourceTree = "<group>";
		};
		D9A5847C234644AE00E65A86 /* Models */ = {
			isa = PBXGroup;
			children = (
				D9F46B122347B694009FBE23 /* UserDAO.swift */,
			);
			path = Models;
			sourceTree = "<group>";
		};
		D9A5847D234644C400E65A86 /* StoryBoard */ = {
			isa = PBXGroup;
			children = (
				D94136AD234523FD00D4D71B /* LaunchScreen.storyboard */,
				D9A5847F23464B2900E65A86 /* Splash.storyboard */,
				D94136A8234523F100D4D71B /* Main.storyboard */,
			);
			path = StoryBoard;
			sourceTree = "<group>";
		};
		D9A58487234662D700E65A86 /* Cells */ = {
			isa = PBXGroup;
			children = (
				D9A58483234662AE00E65A86 /* PersonTableViewCell.swift */,
				D9A58484234662AE00E65A86 /* PersonTableViewCell.xib */,
				D9A584882346647100E65A86 /* PersonCollectionViewCell.swift */,
				D9A584892346647100E65A86 /* PersonCollectionViewCell.xib */,
			);
			path = Cells;
			sourceTree = "<group>";
		};
		D9A5848C2346658000E65A86 /* Extension */ = {
			isa = PBXGroup;
			children = (
				D9A5848D2346659C00E65A86 /* UIView+Utils.swift */,
			);
			path = Extension;
			sourceTree = "<group>";
		};
		D9AE815A234CEE7400D8C9A4 /* Views */ = {
			isa = PBXGroup;
			children = (
				D9AE815B234CEE7F00D8C9A4 /* Models */,
			);
			path = Views;
			sourceTree = "<group>";
		};
		D9AE815B234CEE7F00D8C9A4 /* Models */ = {
			isa = PBXGroup;
			children = (
				D9AE815C234CEE9400D8C9A4 /* User.swift */,
			);
			path = Models;
			sourceTree = "<group>";
		};
		D9F46B142347BEDD009FBE23 /* Remote */ = {
			isa = PBXGroup;
			children = (
				D9948A8E234BAEBB0018252D /* ApiManager.swift */,
				D9F46B152347BEF4009FBE23 /* Models */,
			);
			path = Remote;
			sourceTree = "<group>";
		};
		D9F46B152347BEF4009FBE23 /* Models */ = {
			isa = PBXGroup;
			children = (
				D9F46B1A2347C26D009FBE23 /* UsersDTO.swift */,
				D9F46B162347BF0D009FBE23 /* UserDTO.swift */,
				D9F46B182347C0F2009FBE23 /* InfoDTO.swift */,
				D9F46B1C2347C4D6009FBE23 /* LocationDTO.swift */,
				D9F46B1E2347C577009FBE23 /* NameDTO.swift */,
				D9F46B202347C5DB009FBE23 /* StreetDTO.swift */,
				D9F46B222347C63C009FBE23 /* CoordinatesDTO.swift */,
				D9F46B262347C703009FBE23 /* LoginDTO.swift */,
				D9F46B2A2347C7D9009FBE23 /* RegisteredDTO.swift */,
				D9F46B2E2347C850009FBE23 /* PictureDTO.swift */,
				F116BB0F234C632C00D3A4BB /* DobDTO.swift */,
				F116BB11234C68D000D3A4BB /* IdDTO.swift */,
				F116BB13234C69B400D3A4BB /* Timezone.DTO.swift */,
			);
			path = Models;
			sourceTree = "<group>";
		};
		DC04F3D0F40B2F720EDA2548 /* Frameworks */ = {
			isa = PBXGroup;
			children = (
				977B7C26E7E916ABB05FCE17 /* Pods_ProjectAdvanced.framework */,
			);
			name = Frameworks;
			sourceTree = "<group>";
		};
		EE3F2BB96369E7089C115185 /* Pods */ = {
			isa = PBXGroup;
			children = (
				F3E0431F66646819B8AE39F9 /* Pods-ProjectAdvanced.debug.xcconfig */,
				73A68344E7238E53D2FB30D6 /* Pods-ProjectAdvanced.release.xcconfig */,
			);
			path = Pods;
			sourceTree = "<group>";
		};
/* End PBXGroup section */

/* Begin PBXNativeTarget section */
		D941369E234523F100D4D71B /* ProjectAdvanced */ = {
			isa = PBXNativeTarget;
			buildConfigurationList = D94136B3234523FD00D4D71B /* Build configuration list for PBXNativeTarget "ProjectAdvanced" */;
			buildPhases = (
				3D215D641DDD31A52702267D /* [CP] Check Pods Manifest.lock */,
				D941369B234523F100D4D71B /* Sources */,
				D941369C234523F100D4D71B /* Frameworks */,
				D941369D234523F100D4D71B /* Resources */,
				D5E561A60418AA8A8EFEE8C4 /* [CP] Embed Pods Frameworks */,
			);
			buildRules = (
			);
			dependencies = (
			);
			name = ProjectAdvanced;
			productName = ProjectAdvanced;
			productReference = D941369F234523F100D4D71B /* ProjectAdvanced.app */;
			productType = "com.apple.product-type.application";
		};
/* End PBXNativeTarget section */

/* Begin PBXProject section */
		D9413697234523F100D4D71B /* Project object */ = {
			isa = PBXProject;
			attributes = {
				LastSwiftUpdateCheck = 1100;
				LastUpgradeCheck = 1100;
				ORGANIZATIONNAME = "Orum Games";
				TargetAttributes = {
					D941369E234523F100D4D71B = {
						CreatedOnToolsVersion = 11.0;
					};
				};
			};
			buildConfigurationList = D941369A234523F100D4D71B /* Build configuration list for PBXProject "ProjectAdvanced" */;
			compatibilityVersion = "Xcode 9.3";
			developmentRegion = en;
			hasScannedForEncodings = 0;
			knownRegions = (
				en,
				Base,
			);
			mainGroup = D9413696234523F100D4D71B;
			productRefGroup = D94136A0234523F100D4D71B /* Products */;
			projectDirPath = "";
			projectRoot = "";
			targets = (
				D941369E234523F100D4D71B /* ProjectAdvanced */,
			);
		};
/* End PBXProject section */

/* Begin PBXResourcesBuildPhase section */
		D941369D234523F100D4D71B /* Resources */ = {
			isa = PBXResourcesBuildPhase;
			buildActionMask = 2147483647;
			files = (
				D94136AF234523FD00D4D71B /* LaunchScreen.storyboard in Resources */,
				D9A5848B2346647100E65A86 /* PersonCollectionViewCell.xib in Resources */,
				D9A5847E234649DB00E65A86 /* Assets.xcassets in Resources */,
				D94136AA234523F100D4D71B /* Main.storyboard in Resources */,
				D9F46B1023479EE9009FBE23 /* lottie_bueno.json in Resources */,
				D9F46B0E23479CF8009FBE23 /* lottie.json in Resources */,
				D9A5848023464B2900E65A86 /* Splash.storyboard in Resources */,
				D9A58486234662AE00E65A86 /* PersonTableViewCell.xib in Resources */,
				D9F46B0C23479C50009FBE23 /* lottie2.json in Resources */,
			);
			runOnlyForDeploymentPostprocessing = 0;
		};
/* End PBXResourcesBuildPhase section */

/* Begin PBXShellScriptBuildPhase section */
		3D215D641DDD31A52702267D /* [CP] Check Pods Manifest.lock */ = {
			isa = PBXShellScriptBuildPhase;
			buildActionMask = 2147483647;
			files = (
			);
			inputFileListPaths = (
			);
			inputPaths = (
				"${PODS_PODFILE_DIR_PATH}/Podfile.lock",
				"${PODS_ROOT}/Manifest.lock",
			);
			name = "[CP] Check Pods Manifest.lock";
			outputFileListPaths = (
			);
			outputPaths = (
				"$(DERIVED_FILE_DIR)/Pods-ProjectAdvanced-checkManifestLockResult.txt",
			);
			runOnlyForDeploymentPostprocessing = 0;
			shellPath = /bin/sh;
			shellScript = "diff \"${PODS_PODFILE_DIR_PATH}/Podfile.lock\" \"${PODS_ROOT}/Manifest.lock\" > /dev/null\nif [ $? != 0 ] ; then\n    # print error to STDERR\n    echo \"error: The sandbox is not in sync with the Podfile.lock. Run 'pod install' or update your CocoaPods installation.\" >&2\n    exit 1\nfi\n# This output is used by Xcode 'outputs' to avoid re-running this script phase.\necho \"SUCCESS\" > \"${SCRIPT_OUTPUT_FILE_0}\"\n";
			showEnvVarsInLog = 0;
		};
		D5E561A60418AA8A8EFEE8C4 /* [CP] Embed Pods Frameworks */ = {
			isa = PBXShellScriptBuildPhase;
			buildActionMask = 2147483647;
			files = (
			);
			inputFileListPaths = (
				"${PODS_ROOT}/Target Support Files/Pods-ProjectAdvanced/Pods-ProjectAdvanced-frameworks-${CONFIGURATION}-input-files.xcfilelist",
			);
			name = "[CP] Embed Pods Frameworks";
			outputFileListPaths = (
				"${PODS_ROOT}/Target Support Files/Pods-ProjectAdvanced/Pods-ProjectAdvanced-frameworks-${CONFIGURATION}-output-files.xcfilelist",
			);
			runOnlyForDeploymentPostprocessing = 0;
			shellPath = /bin/sh;
			shellScript = "\"${PODS_ROOT}/Target Support Files/Pods-ProjectAdvanced/Pods-ProjectAdvanced-frameworks.sh\"\n";
			showEnvVarsInLog = 0;
		};
/* End PBXShellScriptBuildPhase section */

/* Begin PBXSourcesBuildPhase section */
		D941369B234523F100D4D71B /* Sources */ = {
			isa = PBXSourcesBuildPhase;
			buildActionMask = 2147483647;
			files = (
				D94136A7234523F100D4D71B /* SplashViewController.swift in Sources */,
				D9F46B212347C5DB009FBE23 /* StreetDTO.swift in Sources */,
				D9F46B272347C703009FBE23 /* LoginDTO.swift in Sources */,
				D9AE815D234CEE9400D8C9A4 /* User.swift in Sources */,
				D9A5848A2346647100E65A86 /* PersonCollectionViewCell.swift in Sources */,
				F116BB14234C69B400D3A4BB /* Timezone.DTO.swift in Sources */,
				D9F46B232347C63C009FBE23 /* CoordinatesDTO.swift in Sources */,
				D9A5848E2346659C00E65A86 /* UIView+Utils.swift in Sources */,
				D9F46B132347B694009FBE23 /* UserDAO.swift in Sources */,
				D9F46B1B2347C26D009FBE23 /* UsersDTO.swift in Sources */,
				D9F46B332347CC72009FBE23 /* DataManager.swift in Sources */,
				D9F46B2F2347C850009FBE23 /* PictureDTO.swift in Sources */,
				F116BB10234C632C00D3A4BB /* DobDTO.swift in Sources */,
				D9948A8D234B891F0018252D /* DatabaseManager.swift in Sources */,
				D9A58485234662AE00E65A86 /* PersonTableViewCell.swift in Sources */,
				D9A584822346512E00E65A86 /* UserViewController.swift in Sources */,
				D9F46B1F2347C577009FBE23 /* NameDTO.swift in Sources */,
				D9F46B1D2347C4D6009FBE23 /* LocationDTO.swift in Sources */,
				D9F46B172347BF0D009FBE23 /* UserDTO.swift in Sources */,
				F116BB12234C68D000D3A4BB /* IdDTO.swift in Sources */,
				D9F46B2B2347C7D9009FBE23 /* RegisteredDTO.swift in Sources */,
				D94136A3234523F100D4D71B /* AppDelegate.swift in Sources */,
				D9948A8F234BAEBB0018252D /* ApiManager.swift in Sources */,
				D94136A5234523F100D4D71B /* SceneDelegate.swift in Sources */,
				D9F46B192347C0F2009FBE23 /* InfoDTO.swift in Sources */,
			);
			runOnlyForDeploymentPostprocessing = 0;
		};
/* End PBXSourcesBuildPhase section */

/* Begin PBXVariantGroup section */
		D94136A8234523F100D4D71B /* Main.storyboard */ = {
			isa = PBXVariantGroup;
			children = (
				D94136A9234523F100D4D71B /* Base */,
			);
			name = Main.storyboard;
			sourceTree = "<group>";
		};
		D94136AD234523FD00D4D71B /* LaunchScreen.storyboard */ = {
			isa = PBXVariantGroup;
			children = (
				D94136AE234523FD00D4D71B /* Base */,
			);
			name = LaunchScreen.storyboard;
			sourceTree = "<group>";
		};
/* End PBXVariantGroup section */

/* Begin XCBuildConfiguration section */
		D94136B1234523FD00D4D71B /* Debug */ = {
			isa = XCBuildConfiguration;
			buildSettings = {
				ALWAYS_SEARCH_USER_PATHS = NO;
				CLANG_ANALYZER_NONNULL = YES;
				CLANG_ANALYZER_NUMBER_OBJECT_CONVERSION = YES_AGGRESSIVE;
				CLANG_CXX_LANGUAGE_STANDARD = "gnu++14";
				CLANG_CXX_LIBRARY = "libc++";
				CLANG_ENABLE_MODULES = YES;
				CLANG_ENABLE_OBJC_ARC = YES;
				CLANG_ENABLE_OBJC_WEAK = YES;
				CLANG_WARN_BLOCK_CAPTURE_AUTORELEASING = YES;
				CLANG_WARN_BOOL_CONVERSION = YES;
				CLANG_WARN_COMMA = YES;
				CLANG_WARN_CONSTANT_CONVERSION = YES;
				CLANG_WARN_DEPRECATED_OBJC_IMPLEMENTATIONS = YES;
				CLANG_WARN_DIRECT_OBJC_ISA_USAGE = YES_ERROR;
				CLANG_WARN_DOCUMENTATION_COMMENTS = YES;
				CLANG_WARN_EMPTY_BODY = YES;
				CLANG_WARN_ENUM_CONVERSION = YES;
				CLANG_WARN_INFINITE_RECURSION = YES;
				CLANG_WARN_INT_CONVERSION = YES;
				CLANG_WARN_NON_LITERAL_NULL_CONVERSION = YES;
				CLANG_WARN_OBJC_IMPLICIT_RETAIN_SELF = YES;
				CLANG_WARN_OBJC_LITERAL_CONVERSION = YES;
				CLANG_WARN_OBJC_ROOT_CLASS = YES_ERROR;
				CLANG_WARN_RANGE_LOOP_ANALYSIS = YES;
				CLANG_WARN_STRICT_PROTOTYPES = YES;
				CLANG_WARN_SUSPICIOUS_MOVE = YES;
				CLANG_WARN_UNGUARDED_AVAILABILITY = YES_AGGRESSIVE;
				CLANG_WARN_UNREACHABLE_CODE = YES;
				CLANG_WARN__DUPLICATE_METHOD_MATCH = YES;
				COPY_PHASE_STRIP = NO;
				DEBUG_INFORMATION_FORMAT = dwarf;
				ENABLE_STRICT_OBJC_MSGSEND = YES;
				ENABLE_TESTABILITY = YES;
				GCC_C_LANGUAGE_STANDARD = gnu11;
				GCC_DYNAMIC_NO_PIC = NO;
				GCC_NO_COMMON_BLOCKS = YES;
				GCC_OPTIMIZATION_LEVEL = 0;
				GCC_PREPROCESSOR_DEFINITIONS = (
					"DEBUG=1",
					"$(inherited)",
				);
				GCC_WARN_64_TO_32_BIT_CONVERSION = YES;
				GCC_WARN_ABOUT_RETURN_TYPE = YES_ERROR;
				GCC_WARN_UNDECLARED_SELECTOR = YES;
				GCC_WARN_UNINITIALIZED_AUTOS = YES_AGGRESSIVE;
				GCC_WARN_UNUSED_FUNCTION = YES;
				GCC_WARN_UNUSED_VARIABLE = YES;
				IPHONEOS_DEPLOYMENT_TARGET = 13.0;
				MTL_ENABLE_DEBUG_INFO = INCLUDE_SOURCE;
				MTL_FAST_MATH = YES;
				ONLY_ACTIVE_ARCH = YES;
				SDKROOT = iphoneos;
				SWIFT_ACTIVE_COMPILATION_CONDITIONS = DEBUG;
				SWIFT_OPTIMIZATION_LEVEL = "-Onone";
			};
			name = Debug;
		};
		D94136B2234523FD00D4D71B /* Release */ = {
			isa = XCBuildConfiguration;
			buildSettings = {
				ALWAYS_SEARCH_USER_PATHS = NO;
				CLANG_ANALYZER_NONNULL = YES;
				CLANG_ANALYZER_NUMBER_OBJECT_CONVERSION = YES_AGGRESSIVE;
				CLANG_CXX_LANGUAGE_STANDARD = "gnu++14";
				CLANG_CXX_LIBRARY = "libc++";
				CLANG_ENABLE_MODULES = YES;
				CLANG_ENABLE_OBJC_ARC = YES;
				CLANG_ENABLE_OBJC_WEAK = YES;
				CLANG_WARN_BLOCK_CAPTURE_AUTORELEASING = YES;
				CLANG_WARN_BOOL_CONVERSION = YES;
				CLANG_WARN_COMMA = YES;
				CLANG_WARN_CONSTANT_CONVERSION = YES;
				CLANG_WARN_DEPRECATED_OBJC_IMPLEMENTATIONS = YES;
				CLANG_WARN_DIRECT_OBJC_ISA_USAGE = YES_ERROR;
				CLANG_WARN_DOCUMENTATION_COMMENTS = YES;
				CLANG_WARN_EMPTY_BODY = YES;
				CLANG_WARN_ENUM_CONVERSION = YES;
				CLANG_WARN_INFINITE_RECURSION = YES;
				CLANG_WARN_INT_CONVERSION = YES;
				CLANG_WARN_NON_LITERAL_NULL_CONVERSION = YES;
				CLANG_WARN_OBJC_IMPLICIT_RETAIN_SELF = YES;
				CLANG_WARN_OBJC_LITERAL_CONVERSION = YES;
				CLANG_WARN_OBJC_ROOT_CLASS = YES_ERROR;
				CLANG_WARN_RANGE_LOOP_ANALYSIS = YES;
				CLANG_WARN_STRICT_PROTOTYPES = YES;
				CLANG_WARN_SUSPICIOUS_MOVE = YES;
				CLANG_WARN_UNGUARDED_AVAILABILITY = YES_AGGRESSIVE;
				CLANG_WARN_UNREACHABLE_CODE = YES;
				CLANG_WARN__DUPLICATE_METHOD_MATCH = YES;
				COPY_PHASE_STRIP = NO;
				DEBUG_INFORMATION_FORMAT = "dwarf-with-dsym";
				ENABLE_NS_ASSERTIONS = NO;
				ENABLE_STRICT_OBJC_MSGSEND = YES;
				GCC_C_LANGUAGE_STANDARD = gnu11;
				GCC_NO_COMMON_BLOCKS = YES;
				GCC_WARN_64_TO_32_BIT_CONVERSION = YES;
				GCC_WARN_ABOUT_RETURN_TYPE = YES_ERROR;
				GCC_WARN_UNDECLARED_SELECTOR = YES;
				GCC_WARN_UNINITIALIZED_AUTOS = YES_AGGRESSIVE;
				GCC_WARN_UNUSED_FUNCTION = YES;
				GCC_WARN_UNUSED_VARIABLE = YES;
				IPHONEOS_DEPLOYMENT_TARGET = 13.0;
				MTL_ENABLE_DEBUG_INFO = NO;
				MTL_FAST_MATH = YES;
				SDKROOT = iphoneos;
				SWIFT_COMPILATION_MODE = wholemodule;
				SWIFT_OPTIMIZATION_LEVEL = "-O";
				VALIDATE_PRODUCT = YES;
			};
			name = Release;
		};
		D94136B4234523FD00D4D71B /* Debug */ = {
			isa = XCBuildConfiguration;
			baseConfigurationReference = F3E0431F66646819B8AE39F9 /* Pods-ProjectAdvanced.debug.xcconfig */;
			buildSettings = {
				ASSETCATALOG_COMPILER_APPICON_NAME = AppIcon;
				CODE_SIGN_STYLE = Automatic;
				INFOPLIST_FILE = ProjectAdvanced/Info.plist;
				LD_RUNPATH_SEARCH_PATHS = (
					"$(inherited)",
					"@executable_path/Frameworks",
				);
				PRODUCT_BUNDLE_IDENTIFIER = com.OrumGames.ProjectAdvanced;
				PRODUCT_NAME = "$(TARGET_NAME)";
				SWIFT_VERSION = 5.0;
				TARGETED_DEVICE_FAMILY = "1,2";
			};
			name = Debug;
		};
		D94136B5234523FD00D4D71B /* Release */ = {
			isa = XCBuildConfiguration;
			baseConfigurationReference = 73A68344E7238E53D2FB30D6 /* Pods-ProjectAdvanced.release.xcconfig */;
			buildSettings = {
				ASSETCATALOG_COMPILER_APPICON_NAME = AppIcon;
				CODE_SIGN_STYLE = Automatic;
				INFOPLIST_FILE = ProjectAdvanced/Info.plist;
				LD_RUNPATH_SEARCH_PATHS = (
					"$(inherited)",
					"@executable_path/Frameworks",
				);
				PRODUCT_BUNDLE_IDENTIFIER = com.OrumGames.ProjectAdvanced;
				PRODUCT_NAME = "$(TARGET_NAME)";
				SWIFT_VERSION = 5.0;
				TARGETED_DEVICE_FAMILY = "1,2";
			};
			name = Release;
		};
/* End XCBuildConfiguration section */

/* Begin XCConfigurationList section */
		D941369A234523F100D4D71B /* Build configuration list for PBXProject "ProjectAdvanced" */ = {
			isa = XCConfigurationList;
			buildConfigurations = (
				D94136B1234523FD00D4D71B /* Debug */,
				D94136B2234523FD00D4D71B /* Release */,
			);
			defaultConfigurationIsVisible = 0;
			defaultConfigurationName = Release;
		};
		D94136B3234523FD00D4D71B /* Build configuration list for PBXNativeTarget "ProjectAdvanced" */ = {
			isa = XCConfigurationList;
			buildConfigurations = (
				D94136B4234523FD00D4D71B /* Debug */,
				D94136B5234523FD00D4D71B /* Release */,
			);
			defaultConfigurationIsVisible = 0;
			defaultConfigurationName = Release;
		};
/* End XCConfigurationList section */
	};
	rootObject = D9413697234523F100D4D71B /* Project object */;
}
